// !$*UTF8*$!
{
	archiveVersion = 1;
	classes = {
	};
	objectVersion = 46;
	objects = {

/* Begin PBXBuildFile section */
		A84820131A21836B00353190 /* AppDelegate.swift in Sources */ = {isa = PBXBuildFile; fileRef = A84820121A21836B00353190 /* AppDelegate.swift */; };
		A84820151A21836B00353190 /* ViewController.swift in Sources */ = {isa = PBXBuildFile; fileRef = A84820141A21836B00353190 /* ViewController.swift */; };
		A84820181A21836B00353190 /* Main.storyboard in Resources */ = {isa = PBXBuildFile; fileRef = A84820161A21836B00353190 /* Main.storyboard */; };
		A848201A1A21836B00353190 /* Images.xcassets in Resources */ = {isa = PBXBuildFile; fileRef = A84820191A21836B00353190 /* Images.xcassets */; };
		A848201D1A21836B00353190 /* LaunchScreen.xib in Resources */ = {isa = PBXBuildFile; fileRef = A848201B1A21836B00353190 /* LaunchScreen.xib */; };
		A84820291A21836B00353190 /* PostcardTests.swift in Sources */ = {isa = PBXBuildFile; fileRef = A84820281A21836B00353190 /* PostcardTests.swift */; };
		A84820331A218BBE00353190 /* SagradaFamilia.jpeg in Resources */ = {isa = PBXBuildFile; fileRef = A84820321A218BBE00353190 /* SagradaFamilia.jpeg */; };
		A886ECE41A23FED600026F6A /* AlbertEinsteinStamp.jpg in Resources */ = {isa = PBXBuildFile; fileRef = A886ECE31A23FED600026F6A /* AlbertEinsteinStamp.jpg */; };
/* End PBXBuildFile section */

/* Begin PBXContainerItemProxy section */
		A84820231A21836B00353190 /* PBXContainerItemProxy */ = {
			isa = PBXContainerItemProxy;
			containerPortal = A84820051A21836B00353190 /* Project object */;
			proxyType = 1;
			remoteGlobalIDString = A848200C1A21836B00353190;
			remoteInfo = Postcard;
		};
/* End PBXContainerItemProxy section */

/* Begin PBXFileReference section */
		A848200D1A21836B00353190 /* Postcard.app */ = {isa = PBXFileReference; explicitFileType = wrapper.application; includeInIndex = 0; path = Postcard.app; sourceTree = BUILT_PRODUCTS_DIR; };
		A84820111A21836B00353190 /* Info.plist */ = {isa = PBXFileReference; lastKnownFileType = text.plist.xml; path = Info.plist; sourceTree = "<group>"; };
		A84820121A21836B00353190 /* AppDelegate.swift */ = {isa = PBXFileReference; lastKnownFileType = sourcecode.swift; path = AppDelegate.swift; sourceTree = "<group>"; };
		A84820141A21836B00353190 /* ViewController.swift */ = {isa = PBXFileReference; lastKnownFileType = sourcecode.swift; path = ViewController.swift; sourceTree = "<group>"; };
		A84820171A21836B00353190 /* Base */ = {isa = PBXFileReference; lastKnownFileType = file.storyboard; name = Base; path = Base.lproj/Main.storyboard; sourceTree = "<group>"; };
		A84820191A21836B00353190 /* Images.xcassets */ = {isa = PBXFileReference; lastKnownFileType = folder.assetcatalog; path = Images.xcassets; sourceTree = "<group>"; };
		A848201C1A21836B00353190 /* Base */ = {isa = PBXFileReference; lastKnownFileType = file.xib; name = Base; path = Base.lproj/LaunchScreen.xib; sourceTree = "<group>"; };
		A84820221A21836B00353190 /* PostcardTests.xctest */ = {isa = PBXFileReference; explicitFileType = wrapper.cfbundle; includeInIndex = 0; path = PostcardTests.xctest; sourceTree = BUILT_PRODUCTS_DIR; };
		A84820271A21836B00353190 /* Info.plist */ = {isa = PBXFileReference; lastKnownFileType = text.plist.xml; path = Info.plist; sourceTree = "<group>"; };
		A84820281A21836B00353190 /* PostcardTests.swift */ = {isa = PBXFileReference; lastKnownFileType = sourcecode.swift; path = PostcardTests.swift; sourceTree = "<group>"; };
		A84820321A218BBE00353190 /* SagradaFamilia.jpeg */ = {isa = PBXFileReference; lastKnownFileType = image.jpeg; path = SagradaFamilia.jpeg; sourceTree = "<group>"; };
		A886ECE31A23FED600026F6A /* AlbertEinsteinStamp.jpg */ = {isa = PBXFileReference; lastKnownFileType = image.jpeg; path = AlbertEinsteinStamp.jpg; sourceTree = "<group>"; };
/* End PBXFileReference section */

/* Begin PBXFrameworksBuildPhase section */
		A848200A1A21836B00353190 /* Frameworks */ = {
			isa = PBXFrameworksBuildPhase;
			buildActionMask = 2147483647;
			files = (
			);
			runOnlyForDeploymentPostprocessing = 0;
		};
		A848201F1A21836B00353190 /* Frameworks */ = {
			isa = PBXFrameworksBuildPhase;
			buildActionMask = 2147483647;
			files = (
			);
			runOnlyForDeploymentPostprocessing = 0;
		};
/* End PBXFrameworksBuildPhase section */

/* Begin PBXGroup section */
		A84820041A21836B00353190 = {
			isa = PBXGroup;
			children = (
				A848200F1A21836B00353190 /* Postcard */,
				A84820251A21836B00353190 /* PostcardTests */,
				A848200E1A21836B00353190 /* Products */,
			);
			sourceTree = "<group>";
		};
		A848200E1A21836B00353190 /* Products */ = {
			isa = PBXGroup;
			children = (
				A848200D1A21836B00353190 /* Postcard.app */,
				A84820221A21836B00353190 /* PostcardTests.xctest */,
			);
			name = Products;
			sourceTree = "<group>";
		};
		A848200F1A21836B00353190 /* Postcard */ = {
			isa = PBXGroup;
			children = (
				A84820121A21836B00353190 /* AppDelegate.swift */,
				A84820141A21836B00353190 /* ViewController.swift */,
				A84820161A21836B00353190 /* Main.storyboard */,
				A84820191A21836B00353190 /* Images.xcassets */,
				A848201B1A21836B00353190 /* LaunchScreen.xib */,
				A84820101A21836B00353190 /* Supporting Files */,
			);
			path = Postcard;
			sourceTree = "<group>";
		};
		A84820101A21836B00353190 /* Supporting Files */ = {
			isa = PBXGroup;
			children = (
				A886ECE31A23FED600026F6A /* AlbertEinsteinStamp.jpg */,
				A84820321A218BBE00353190 /* SagradaFamilia.jpeg */,
				A84820111A21836B00353190 /* Info.plist */,
			);
			name = "Supporting Files";
			sourceTree = "<group>";
		};
		A84820251A21836B00353190 /* PostcardTests */ = {
			isa = PBXGroup;
			children = (
				A84820281A21836B00353190 /* PostcardTests.swift */,
				A84820261A21836B00353190 /* Supporting Files */,
			);
			path = PostcardTests;
			sourceTree = "<group>";
		};
		A84820261A21836B00353190 /* Supporting Files */ = {
			isa = PBXGroup;
			children = (
				A84820271A21836B00353190 /* Info.plist */,
			);
			name = "Supporting Files";
			sourceTree = "<group>";
		};
/* End PBXGroup section */

/* Begin PBXNativeTarget section */
		A848200C1A21836B00353190 /* Postcard */ = {
			isa = PBXNativeTarget;
			buildConfigurationList = A848202C1A21836B00353190 /* Build configuration list for PBXNativeTarget "Postcard" */;
			buildPhases = (
				A84820091A21836B00353190 /* Sources */,
				A848200A1A21836B00353190 /* Frameworks */,
				A848200B1A21836B00353190 /* Resources */,
			);
			buildRules = (
			);
			dependencies = (
			);
			name = Postcard;
			productName = Postcard;
			productReference = A848200D1A21836B00353190 /* Postcard.app */;
			productType = "com.apple.product-type.application";
		};
		A84820211A21836B00353190 /* PostcardTests */ = {
			isa = PBXNativeTarget;
			buildConfigurationList = A848202F1A21836B00353190 /* Build configuration list for PBXNativeTarget "PostcardTests" */;
			buildPhases = (
				A848201E1A21836B00353190 /* Sources */,
				A848201F1A21836B00353190 /* Frameworks */,
				A84820201A21836B00353190 /* Resources */,
			);
			buildRules = (
			);
			dependencies = (
				A84820241A21836B00353190 /* PBXTargetDependency */,
			);
			name = PostcardTests;
			productName = PostcardTests;
			productReference = A84820221A21836B00353190 /* PostcardTests.xctest */;
			productType = "com.apple.product-type.bundle.unit-test";
		};
/* End PBXNativeTarget section */

/* Begin PBXProject section */
		A84820051A21836B00353190 /* Project object */ = {
			isa = PBXProject;
			attributes = {
				LastUpgradeCheck = 0610;
				ORGANIZATIONNAME = "Versatile Designs";
				TargetAttributes = {
					A848200C1A21836B00353190 = {
						CreatedOnToolsVersion = 6.1;
					};
					A84820211A21836B00353190 = {
						CreatedOnToolsVersion = 6.1;
						TestTargetID = A848200C1A21836B00353190;
					};
				};
			};
			buildConfigurationList = A84820081A21836B00353190 /* Build configuration list for PBXProject "Postcard" */;
			compatibilityVersion = "Xcode 3.2";
			developmentRegion = English;
			hasScannedForEncodings = 0;
			knownRegions = (
				en,
				Base,
			);
			mainGroup = A84820041A21836B00353190;
			productRefGroup = A848200E1A21836B00353190 /* Products */;
			projectDirPath = "";
			projectRoot = "";
			targets = (
				A848200C1A21836B00353190 /* Postcard */,
				A84820211A21836B00353190 /* PostcardTests */,
			);
		};
/* End PBXProject section */

/* Begin PBXResourcesBuildPhase section */
		A848200B1A21836B00353190 /* Resources */ = {
			isa = PBXResourcesBuildPhase;
			buildActionMask = 2147483647;
			files = (
				A84820181A21836B00353190 /* Main.storyboard in Resources */,
				A84820331A218BBE00353190 /* SagradaFamilia.jpeg in Resources */,
				A886ECE41A23FED600026F6A /* AlbertEinsteinStamp.jpg in Resources */,
				A848201D1A21836B00353190 /* LaunchScreen.xib in Resources */,
				A848201A1A21836B00353190 /* Images.xcassets in Resources */,
			);
			runOnlyForDeploymentPostprocessing = 0;
		};
		A84820201A21836B00353190 /* Resources */ = {
			isa = PBXResourcesBuildPhase;
			buildActionMask = 2147483647;
			files = (
			);
			runOnlyForDeploymentPostprocessing = 0;
		};
/* End PBXResourcesBuildPhase section */

/* Begin PBXSourcesBuildPhase section */
		A84820091A21836B00353190 /* Sources */ = {
			isa = PBXSourcesBuildPhase;
			buildActionMask = 2147483647;
			files = (
				A84820151A21836B00353190 /* ViewController.swift in Sources */,
				A84820131A21836B00353190 /* AppDelegate.swift in Sources */,
			);
			runOnlyForDeploymentPostprocessing = 0;
		};
		A848201E1A21836B00353190 /* Sources */ = {
			isa = PBXSourcesBuildPhase;
			buildActionMask = 2147483647;
			files = (
				A84820291A21836B00353190 /* PostcardTests.swift in Sources */,
			);
			runOnlyForDeploymentPostprocessing = 0;
		};
/* End PBXSourcesBuildPhase section */

/* Begin PBXTargetDependency section */
		A84820241A21836B00353190 /* PBXTargetDependency */ = {
			isa = PBXTargetDependency;
			target = A848200C1A21836B00353190 /* Postcard */;
			targetProxy = A84820231A21836B00353190 /* PBXContainerItemProxy */;
		};
/* End PBXTargetDependency section */

/* Begin PBXVariantGroup section */
		A84820161A21836B00353190 /* Main.storyboard */ = {
			isa = PBXVariantGroup;
			children = (
				A84820171A21836B00353190 /* Base */,
			);
			name = Main.storyboard;
			sourceTree = "<group>";
		};
		A848201B1A21836B00353190 /* LaunchScreen.xib */ = {
			isa = PBXVariantGroup;
			children = (
				A848201C1A21836B00353190 /* Base */,
			);
			name = LaunchScreen.xib;
			sourceTree = "<group>";
		};
/* End PBXVariantGroup section */

/* Begin XCBuildConfiguration section */
		A848202A1A21836B00353190 /* Debug */ = {
			isa = XCBuildConfiguration;
			buildSettings = {
				ALWAYS_SEARCH_USER_PATHS = NO;
				CLANG_CXX_LANGUAGE_STANDARD = "gnu++0x";
				CLANG_CXX_LIBRARY = "libc++";
				CLANG_ENABLE_MODULES = YES;
				CLANG_ENABLE_OBJC_ARC = YES;
				CLANG_WARN_BOOL_CONVERSION = YES;
				CLANG_WARN_CONSTANT_CONVERSION = YES;
				CLANG_WARN_DIRECT_OBJC_ISA_USAGE = YES_ERROR;
				CLANG_WARN_EMPTY_BODY = YES;
				CLANG_WARN_ENUM_CONVERSION = YES;
				CLANG_WARN_INT_CONVERSION = YES;
				CLANG_WARN_OBJC_ROOT_CLASS = YES_ERROR;
				CLANG_WARN_UNREACHABLE_CODE = YES;
				CLANG_WARN__DUPLICATE_METHOD_MATCH = YES;
				"CODE_SIGN_IDENTITY[sdk=iphoneos*]" = "iPhone Developer";
				COPY_PHASE_STRIP = NO;
				ENABLE_STRICT_OBJC_MSGSEND = YES;
				GCC_C_LANGUAGE_STANDARD = gnu99;
				GCC_DYNAMIC_NO_PIC = NO;
				GCC_OPTIMIZATION_LEVEL = 0;
				GCC_PREPROCESSOR_DEFINITIONS = (
					"DEBUG=1",
					"$(inherited)",
				);
				GCC_SYMBOLS_PRIVATE_EXTERN = NO;
				GCC_WARN_64_TO_32_BIT_CONVERSION = YES;
				GCC_WARN_ABOUT_RETURN_TYPE = YES_ERROR;
				GCC_WARN_UNDECLARED_SELECTOR = YES;
				GCC_WARN_UNINITIALIZED_AUTOS = YES_AGGRESSIVE;
				GCC_WARN_UNUSED_FUNCTION = YES;
				GCC_WARN_UNUSED_VARIABLE = YES;
				IPHONEOS_DEPLOYMENT_TARGET = 8.1;
				MTL_ENABLE_DEBUG_INFO = YES;
				ONLY_ACTIVE_ARCH = YES;
				SDKROOT = iphoneos;
				SWIFT_OPTIMIZATION_LEVEL = "-Onone";
				TARGETED_DEVICE_FAMILY = "1,2";
			};
			name = Debug;
		};
		A848202B1A21836B00353190 /* Release */ = {
			isa = XCBuildConfiguration;
			buildSettings = {
				ALWAYS_SEARCH_USER_PATHS = NO;
				CLANG_CXX_LANGUAGE_STANDARD = "gnu++0x";
				CLANG_CXX_LIBRARY = "libc++";
				CLANG_ENABLE_MODULES = YES;
				CLANG_ENABLE_OBJC_ARC = YES;
				CLANG_WARN_BOOL_CONVERSION = YES;
				CLANG_WARN_CONSTANT_CONVERSION = YES;
				CLANG_WARN_DIRECT_OBJC_ISA_USAGE = YES_ERROR;
				CLANG_WARN_EMPTY_BODY = YES;
				CLANG_WARN_ENUM_CONVERSION = YES;
				CLANG_WARN_INT_CONVERSION = YES;
				CLANG_WARN_OBJC_ROOT_CLASS = YES_ERROR;
				CLANG_WARN_UNREACHABLE_CODE = YES;
				CLANG_WARN__DUPLICATE_METHOD_MATCH = YES;
				"CODE_SIGN_IDENTITY[sdk=iphoneos*]" = "iPhone Developer";
				COPY_PHASE_STRIP = YES;
				ENABLE_NS_ASSERTIONS = NO;
				ENABLE_STRICT_OBJC_MSGSEND = YES;
				GCC_C_LANGUAGE_STANDARD = gnu99;
				GCC_WARN_64_TO_32_BIT_CONVERSION = YES;
				GCC_WARN_ABOUT_RETURN_TYPE = YES_ERROR;
				GCC_WARN_UNDECLARED_SELECTOR = YES;
				GCC_WARN_UNINITIALIZED_AUTOS = YES_AGGRESSIVE;
				GCC_WARN_UNUSED_FUNCTION = YES;
				GCC_WARN_UNUSED_VARIABLE = YES;
				IPHONEOS_DEPLOYMENT_TARGET = 8.1;
				MTL_ENABLE_DEBUG_INFO = NO;
				SDKROOT = iphoneos;
				TARGETED_DEVICE_FAMILY = "1,2";
				VALIDATE_PRODUCT = YES;
			};
			name = Release;
		};
		A848202D1A21836B00353190 /* Debug */ = {
			isa = XCBuildConfiguration;
			buildSettings = {
				ASSETCATALOG_COMPILER_APPICON_NAME = AppIcon;
				INFOPLIST_FILE = Postcard/Info.plist;
				LD_RUNPATH_SEARCH_PATHS = "$(inherited) @executable_path/Frameworks";
				PRODUCT_NAME = "$(TARGET_NAME)";
			};
			name = Debug;
		};
		A848202E1A21836B00353190 /* Release */ = {
			isa = XCBuildConfiguration;
			buildSettings = {
				ASSETCATALOG_COMPILER_APPICON_NAME = AppIcon;
				INFOPLIST_FILE = Postcard/Info.plist;
				LD_RUNPATH_SEARCH_PATHS = "$(inherited) @executable_path/Frameworks";
				PRODUCT_NAME = "$(TARGET_NAME)";
			};
			name = Release;
		};
		A84820301A21836B00353190 /* Debug */ = {
			isa = XCBuildConfiguration;
			buildSettings = {
				BUNDLE_LOADER = "$(TEST_HOST)";
				FRAMEWORK_SEARCH_PATHS = (
					"$(SDKROOT)/Developer/Library/Frameworks",
					"$(inherited)",
				);
				GCC_PREPROCESSOR_DEFINITIONS = (
					"DEBUG=1",
					"$(inherited)",
				);
				INFOPLIST_FILE = PostcardTests/Info.plist;
				LD_RUNPATH_SEARCH_PATHS = "$(inherited) @executable_path/Frameworks @loader_path/Frameworks";
				PRODUCT_NAME = "$(TARGET_NAME)";
				TEST_HOST = "$(BUILT_PRODUCTS_DIR)/Postcard.app/Postcard";
			};
			name = Debug;
		};
		A84820311A21836B00353190 /* Release */ = {
			isa = XCBuildConfiguration;
			buildSettings = {
				BUNDLE_LOADER = "$(TEST_HOST)";
				FRAMEWORK_SEARCH_PATHS = (
					"$(SDKROOT)/Developer/Library/Frameworks",
					"$(inherited)",
				);
				INFOPLIST_FILE = PostcardTests/Info.plist;
				LD_RUNPATH_SEARCH_PATHS = "$(inherited) @executable_path/Frameworks @loader_path/Frameworks";
				PRODUCT_NAME = "$(TARGET_NAME)";
				TEST_HOST = "$(BUILT_PRODUCTS_DIR)/Postcard.app/Postcard";
			};
			name = Release;
		};
/* End XCBuildConfiguration section */

/* Begin XCConfigurationList section */
		A84820081A21836B00353190 /* Build configuration list for PBXProject "Postcard" */ = {
			isa = XCConfigurationList;
			buildConfigurations = (
				A848202A1A21836B00353190 /* Debug */,
				A848202B1A21836B00353190 /* Release */,
			);
			defaultConfigurationIsVisible = 0;
			defaultConfigurationName = Release;
		};
		A848202C1A21836B00353190 /* Build configuration list for PBXNativeTarget "Postcard" */ = {
			isa = XCConfigurationList;
			buildConfigurations = (
				A848202D1A21836B00353190 /* Debug */,
				A848202E1A21836B00353190 /* Release */,
			);
			defaultConfigurationIsVisible = 0;
			defaultConfigurationName = Release;
		};
		A848202F1A21836B00353190 /* Build configuration list for PBXNativeTarget "PostcardTests" */ = {
			isa = XCConfigurationList;
			buildConfigurations = (
				A84820301A21836B00353190 /* Debug */,
				A84820311A21836B00353190 /* Release */,
			);
			defaultConfigurationIsVisible = 0;
			defaultConfigurationName = Release;
		};
/* End XCConfigurationList section */
	};
	rootObject = A84820051A21836B00353190 /* Project object */;
}
